
Microsoft Visual Studio Solution File, Format Version 12.00
# Visual Studio Version 16
VisualStudioVersion = 16.0.29201.188
MinimumVisualStudioVersion = 10.0.40219.1
Project("{FAE04EC0-301F-11D3-BF4B-00C04F79EFBC}") = "WebUserApi", "WebUserApi\WebUserApi.csproj", "{D6BA2CD6-3D30-4D7F-A489-14773AAB1E40}"
EndProject
Global
	GlobalSection(SolutionConfigurationPlatforms) = preSolution
		Debug|Any CPU = Debug|Any CPU
		Release|Any CPU = Release|Any CPU
	EndGlobalSection
	GlobalSection(ProjectConfigurationPlatforms) = postSolution
		{D6BA2CD6-3D30-4D7F-A489-14773AAB1E40}.Debug|Any CPU.ActiveCfg = Debug|Any CPU
		{D6BA2CD6-3D30-4D7F-A489-14773AAB1E40}.Debug|Any CPU.Build.0 = Debug|Any CPU
		{D6BA2CD6-3D30-4D7F-A489-14773AAB1E40}.Release|Any CPU.ActiveCfg = Release|Any CPU
		{D6BA2CD6-3D30-4D7F-A489-14773AAB1E40}.Release|Any CPU.Build.0 = Release|Any CPU
	EndGlobalSection
	GlobalSection(SolutionProperties) = preSolution
		HideSolutionNode = FALSE
	EndGlobalSection
	GlobalSection(ExtensibilityGlobals) = postSolution
		SolutionGuid = {346C5973-E3AF-43A6-8B83-1E3F85A0B99C}
	EndGlobalSection
EndGlobal
